PODS:
  - AAChartKit (3.0.2)
  - AFNetworking (3.2.1):
    - AFNetworking/NSURLSession (= 3.2.1)
    - AFNetworking/Reachability (= 3.2.1)
    - AFNetworking/Security (= 3.2.1)
    - AFNetworking/Serialization (= 3.2.1)
    - AFNetworking/UIKit (= 3.2.1)
  - AFNetworking/NSURLSession (3.2.1):
    - AFNetworking/Reachability
    - AFNetworking/Security
    - AFNetworking/Serialization
  - AFNetworking/Reachability (3.2.1)
  - AFNetworking/Security (3.2.1)
  - AFNetworking/Serialization (3.2.1)
  - AFNetworking/UIKit (3.2.1):
    - AFNetworking/NSURLSession
  - Aspects (1.4.1)
  - AsyncDisplayKit (2.2.1):
    - AsyncDisplayKit/PINRemoteImage (= 2.2.1)
  - AsyncDisplayKit/Core (2.2.1)
  - AsyncDisplayKit/PINRemoteImage (2.2.1):
    - AsyncDisplayKit/Core
    - PINRemoteImage/iOS (= 3.0.0-beta.8)
    - PINRemoteImage/PINCache
  - ChameleonFramework (2.1.0):
    - ChameleonFramework/Default (= 2.1.0)
  - ChameleonFramework/Default (2.1.0)
  - CYLTabBarController (1.19.2)
  - DZNEmptyDataSet (1.8.1)
  - FDFullscreenPopGesture (1.1)
  - FLAnimatedImage (1.0.12)
  - IGListKit (3.4.0):
    - IGListKit/Default (= 3.4.0)
  - IGListKit/Default (3.4.0):
    - IGListKit/Diffing
  - IGListKit/Diffing (3.4.0)
  - IQKeyboardManager (6.2.0)
  - JJException (0.2.1):
    - JJException/All (= 0.2.1)
  - JJException/All (0.2.1):
    - JJException/ARC
    - JJException/DeallocBlock
    - JJException/Main
    - JJException/MRC
    - JJException/Swizzle
  - JJException/ARC (0.2.1):
    - JJException/DeallocBlock
    - JJException/Main
    - JJException/Swizzle
  - JJException/DeallocBlock (0.2.1)
  - JJException/Main (0.2.1)
  - JJException/MRC (0.2.1):
    - JJException/Main
    - JJException/Swizzle
  - JJException/Swizzle (0.2.1)
  - JSBadgeView (2.0.0)
  - JSONModel (1.8.0)
  - Masonry (1.1.0)
  - MBProgressHUD (1.1.0)
  - MJRefresh (3.1.15.7)
  - Objection (1.6.1)
  - Ono (2.0.0)
  - PINCache (3.0.1-beta.4):
    - PINCache/Arc-exception-safe (= 3.0.1-beta.4)
    - PINCache/Core (= 3.0.1-beta.4)
  - PINCache/Arc-exception-safe (3.0.1-beta.4):
    - PINCache/Core
  - PINCache/Core (3.0.1-beta.4):
    - PINOperation (= 1.0.3)
  - PINOperation (1.0.3)
  - PINRemoteImage/Core (3.0.0-beta.8)
  - PINRemoteImage/iOS (3.0.0-beta.8):
    - PINRemoteImage/Core
  - PINRemoteImage/PINCache (3.0.0-beta.8):
    - PINCache (= 3.0.1-beta.4)
    - PINRemoteImage/Core
  - SDCycleScrollView (1.75):
    - SDWebImage (>= 4.0.0)
  - SDWebImage (4.4.6):
    - SDWebImage/Core (= 4.4.6)
  - SDWebImage/Core (4.4.6)
  - TYPagerController (2.1.2)
  - YNPageViewController (0.2.6)
  - YYKit (1.0.9):
    - YYKit/no-arc (= 1.0.9)
  - YYKit/no-arc (1.0.9)

DEPENDENCIES:
  - AAChartKit (from `https://github.com/AAChartModel/AAChartKit.git`)
  - AFNetworking
  - Aspects
  - AsyncDisplayKit
  - ChameleonFramework
  - CYLTabBarController
  - DZNEmptyDataSet
  - FDFullscreenPopGesture
  - FLAnimatedImage
  - IGListKit
  - IQKeyboardManager
  - JJException
  - JSBadgeView
  - JSONModel
  - Masonry
  - MBProgressHUD
  - MJRefresh
  - Objection
  - Ono (~> 2.0.0)
  - SDCycleScrollView
  - SDWebImage
  - TYPagerController
  - YNPageViewController
  - YYKit

EXTERNAL SOURCES:
  AAChartKit:
    :git: https://github.com/AAChartModel/AAChartKit.git

CHECKOUT OPTIONS:
  AAChartKit:
    :commit: e98d82272901dd8b818d60b214aa19ee13c727fd
    :git: https://github.com/AAChartModel/AAChartKit.git

SPEC CHECKSUMS:
  AAChartKit: c2133dde14a07c8d537001964646d8636a06e846
  AFNetworking: b6f891fdfaed196b46c7a83cf209e09697b94057
  Aspects: 7595ba96a6727a58ebcbfc954497fc5d2fdde546
  AsyncDisplayKit: 2234dd8d8770a5ed72936b3f8394bd5a807765f6
  ChameleonFramework: d21a3cc247abfe5e37609a283a8238b03575cf64
  CYLTabBarController: 5b364d6be617331a07f3f3f0ea537f7950501042
  DZNEmptyDataSet: 9525833b9e68ac21c30253e1d3d7076cc828eaa7
  FDFullscreenPopGesture: a8a620179e3d9c40e8e00256dcee1c1a27c6d0f0
  FLAnimatedImage: 4a0b56255d9b05f18b6dd7ee06871be5d3b89e31
  IGListKit: 7a5d788e9fb746bcd402baa8e8b24bc3bd2a5a07
  IQKeyboardManager: 6194101620b73af5e67900b8f89707a99de0b804
  JJException: 21e7415973adfb21d4b786e00e7bb8f6b7a7042b
  JSBadgeView: 3f5691b7d1bfacfb0237d0eb3b8b1f9a10ecb3f7
  JSONModel: 02ab723958366a3fd27da57ea2af2113658762e9
  Masonry: 678fab65091a9290e40e2832a55e7ab731aad201
  MBProgressHUD: e7baa36a220447d8aeb12769bf0585582f3866d9
  MJRefresh: 697f8ec75ebdbe9207767bb682cf0f51b0d8a41f
  Objection: ed03f2219cb22d2b5b893114219fe6c7e3263bde
  Ono: e6d825e80ec73325e6d872ae4f2304f7378acb0e
  PINCache: a89c8f609232afac77128557bd12c861844423d7
  PINOperation: ac23db44796d4a564ecf9b5ea7163510f579b71d
  PINRemoteImage: c4f9f16932840c597f32e69dd288e10e111a1929
  SDCycleScrollView: 884b88f0266dd4708a0e1934975c69cb971707b1
  SDWebImage: 3f3f0c02f09798048c47a5ed0a13f17b063572d8
  TYPagerController: 262556ecef99986d26ed77fb1288a198ed42f4af
  YNPageViewController: 33040d429adf0b415d4449ffeec848d8339934ea
  YYKit: 7cda43304a8dc3696c449041e2cb3107b4e236e7

PODFILE CHECKSUM: 0782d3786bf153fd40bef63fd1d33fb02eb7820c

COCOAPODS: 1.4.0
